
Microsoft Visual Studio Solution File, Format Version 12.00
# Visual Studio 15
VisualStudioVersion = 15.0.27130.2020
MinimumVisualStudioVersion = 10.0.40219.1
Project("{8BC9CEB8-8B4A-11D0-8D11-00A0C91BC942}") = "BLAXED", "BLAXED\BLAXED.vcxproj", "{478FEB04-7479-4E95-8EE3-F96BF5620DAE}"
EndProject
Global
	GlobalSection(SolutionConfigurationPlatforms) = preSolution
		Debug|x64 = Debug|x64
		Debug|x86 = Debug|x86
		Release|x64 = Release|x64
		Release|x86 = Release|x86
	EndGlobalSection
	GlobalSection(ProjectConfigurationPlatforms) = postSolution
		{478FEB04-7479-4E95-8EE3-F96BF5620DAE}.Debug|x64.ActiveCfg = Debug|x64
		{478FEB04-7479-4E95-8EE3-F96BF5620DAE}.Debug|x64.Build.0 = Debug|x64
		{478FEB04-7479-4E95-8EE3-F96BF5620DAE}.Debug|x86.ActiveCfg = Debug|Win32
		{478FEB04-7479-4E95-8EE3-F96BF5620DAE}.Debug|x86.Build.0 = Debug|Win32
		{478FEB04-7479-4E95-8EE3-F96BF5620DAE}.Release|x64.ActiveCfg = Release|x64
		{478FEB04-7479-4E95-8EE3-F96BF5620DAE}.Release|x64.Build.0 = Release|x64
		{478FEB04-7479-4E95-8EE3-F96BF5620DAE}.Release|x86.ActiveCfg = Release|Win32
		{478FEB04-7479-4E95-8EE3-F96BF5620DAE}.Release|x86.Build.0 = Release|Win32
	EndGlobalSection
	GlobalSection(SolutionProperties) = preSolution
		HideSolutionNode = FALSE
	EndGlobalSection
	GlobalSection(ExtensibilityGlobals) = postSolution
		SolutionGuid = {B7050BBC-6BAF-4A98-AA6F-42A56D2FB0B6}
	EndGlobalSection
EndGlobal
